<?xml version="1.0" encoding="utf-8"?>
<Project ToolsVersion="4.0" xmlns="http://schemas.microsoft.com/developer/msbuild/2003">
  <ItemGroup>
    <Filter Include="Source Files">
      <UniqueIdentifier>{4FC737F1-C7A5-4376-A066-2A32D752A2FF}</UniqueIdentifier>
      <Extensions>cpp;c;cc;cxx;c++;cppm;ixx;def;odl;idl;hpj;bat;asm;asmx</Extensions>
    </Filter>
    <Filter Include="Header Files">
      <UniqueIdentifier>{93995380-89BD-4b04-88EB-625FBE52EBFB}</UniqueIdentifier>
      <Extensions>h;hh;hpp;hxx;h++;hm;inl;inc;ipp;xsd</Extensions>
    </Filter>
    <Filter Include="Resource Files">
      <UniqueIdentifier>{67DA6AB6-F800-4c08-8B7A-83BB121AAD01}</UniqueIdentifier>
      <Extensions>rc;ico;cur;bmp;dlg;rc2;rct;bin;rgs;gif;jpg;jpeg;jpe;resx;tiff;tif;png;wav;mfcribbon-ms</Extensions>
    </Filter>
    <Filter Include="Content">
      <UniqueIdentifier>{24f645f6-1a96-471a-bb56-e49cec9c4306}</UniqueIdentifier>
    </Filter>
    <Filter Include="Isometric">
      <UniqueIdentifier>{9d01d137-f4b3-4ec9-8b55-5d7e0db2ae51}</UniqueIdentifier>
    </Filter>
    <Filter Include="Application">
      <UniqueIdentifier>{d002a08d-d373-4f49-b110-66e1e4eddd41}</UniqueIdentifier>
    </Filter>
    <Filter Include="Graphics">
      <UniqueIdentifier>{3b67e27b-06b8-4128-9998-6a368fe1271b}</UniqueIdentifier>
    </Filter>
  </ItemGroup>
  <ItemGroup>
    <ClCompile Include="main.old.cpp">
      <Filter>Source Files</Filter>
    </ClCompile>
    <ClCompile Include="camera.cpp">
      <Filter>Isometric</Filter>
    </ClCompile>
    <ClCompile Include="random.cpp">
      <Filter>Isometric</Filter>
    </ClCompile>
    <ClCompile Include="tile_image.cpp">
      <Filter>Isometric</Filter>
    </ClCompile>
    <ClCompile Include="tile_map.cpp">
      <Filter>Isometric</Filter>
    </ClCompile>
    <ClCompile Include="transform.cpp">
      <Filter>Isometric</Filter>
    </ClCompile>
    <ClCompile Include="world.cpp">
      <Filter>Isometric</Filter>
    </ClCompile>
    <ClCompile Include="application.cpp">
      <Filter>Application</Filter>
    </ClCompile>
    <ClCompile Include="main.cpp">
      <Filter>Source Files</Filter>
    </ClCompile>
    <ClCompile Include="graphics.cpp">
      <Filter>Graphics</Filter>
    </ClCompile>
  </ItemGroup>
  <ItemGroup>
    <None Include="packages.config" />
  </ItemGroup>
  <ItemGroup>
    <Image Include="content\grassland_tiles.png">
      <Filter>Content</Filter>
    </Image>
  </ItemGroup>
  <ItemGroup>
    <ClInclude Include="world.h">
      <Filter>Isometric</Filter>
    </ClInclude>
    <ClInclude Include="transform.h">
      <Filter>Isometric</Filter>
    </ClInclude>
    <ClInclude Include="tile_map.h">
      <Filter>Isometric</Filter>
    </ClInclude>
    <ClInclude Include="tile_image.h">
      <Filter>Isometric</Filter>
    </ClInclude>
    <ClInclude Include="tile.h">
      <Filter>Isometric</Filter>
    </ClInclude>
    <ClInclude Include="random.h">
      <Filter>Isometric</Filter>
    </ClInclude>
    <ClInclude Include="camera.h">
      <Filter>Isometric</Filter>
    </ClInclude>
    <ClInclude Include="application.h">
      <Filter>Application</Filter>
    </ClInclude>
    <ClInclude Include="application_setup.h">
      <Filter>Application</Filter>
    </ClInclude>
    <ClInclude Include="graphics.h">
      <Filter>Graphics</Filter>
    </ClInclude>
  </ItemGroup>
  <ItemGroup>
    <Font Include="content\Enigma__2.TTF">
      <Filter>Content</Filter>
    </Font>
  </ItemGroup>
</Project>